
Microsoft Visual Studio Solution File, Format Version 12.00
# Visual Studio Version 16
VisualStudioVersion = 16.0.32413.511
MinimumVisualStudioVersion = 10.0.40219.1
Project("{FAE04EC0-301F-11D3-BF4B-00C04F79EFBC}") = "laba4", "laba4.csproj", "{22D89D5C-6FD7-4140-9116-CCC6ACC0C8E3}"
EndProject
Global
	GlobalSection(SolutionConfigurationPlatforms) = preSolution
		Debug|Any CPU = Debug|Any CPU
		Release|Any CPU = Release|Any CPU
	EndGlobalSection
	GlobalSection(ProjectConfigurationPlatforms) = postSolution
		{22D89D5C-6FD7-4140-9116-CCC6ACC0C8E3}.Debug|Any CPU.ActiveCfg = Debug|Any CPU
		{22D89D5C-6FD7-4140-9116-CCC6ACC0C8E3}.Debug|Any CPU.Build.0 = Debug|Any CPU
		{22D89D5C-6FD7-4140-9116-CCC6ACC0C8E3}.Release|Any CPU.ActiveCfg = Release|Any CPU
		{22D89D5C-6FD7-4140-9116-CCC6ACC0C8E3}.Release|Any CPU.Build.0 = Release|Any CPU
	EndGlobalSection
	GlobalSection(SolutionProperties) = preSolution
		HideSolutionNode = FALSE
	EndGlobalSection
	GlobalSection(ExtensibilityGlobals) = postSolution
		SolutionGuid = {CC78AD0B-CF0E-4034-9E84-28AE20E52D06}
	EndGlobalSection
EndGlobal
